// !$*UTF8*$!
{
	archiveVersion = 1;
	classes = {
	};
	objectVersion = 55;
	objects = {

/* Begin PBXBuildFile section */
		4703F32927683A4F0030078E /* UI_392App.swift in Sources */ = {isa = PBXBuildFile; fileRef = 4703F32827683A4F0030078E /* UI_392App.swift */; };
		4703F32B27683A4F0030078E /* ContentView.swift in Sources */ = {isa = PBXBuildFile; fileRef = 4703F32A27683A4F0030078E /* ContentView.swift */; };
		4703F32D27683A500030078E /* Assets.xcassets in Resources */ = {isa = PBXBuildFile; fileRef = 4703F32C27683A500030078E /* Assets.xcassets */; };
		4703F33027683A500030078E /* Preview Assets.xcassets in Resources */ = {isa = PBXBuildFile; fileRef = 4703F32F27683A500030078E /* Preview Assets.xcassets */; };
		4703F33A27683A500030078E /* UI_392Tests.swift in Sources */ = {isa = PBXBuildFile; fileRef = 4703F33927683A500030078E /* UI_392Tests.swift */; };
		4703F34427683A500030078E /* UI_392UITests.swift in Sources */ = {isa = PBXBuildFile; fileRef = 4703F34327683A500030078E /* UI_392UITests.swift */; };
		4703F34627683A500030078E /* UI_392UITestsLaunchTests.swift in Sources */ = {isa = PBXBuildFile; fileRef = 4703F34527683A500030078E /* UI_392UITestsLaunchTests.swift */; };
		4703F35427683A700030078E /* MainPage.swift in Sources */ = {isa = PBXBuildFile; fileRef = 4703F35327683A700030078E /* MainPage.swift */; };
		4703F35627683C2A0030078E /* SideView.swift in Sources */ = {isa = PBXBuildFile; fileRef = 4703F35527683C2A0030078E /* SideView.swift */; };
		4703F359276842C00030078E /* Home.swift in Sources */ = {isa = PBXBuildFile; fileRef = 4703F358276842C00030078E /* Home.swift */; };
		4703F35B276843440030078E /* CustomTabView.swift in Sources */ = {isa = PBXBuildFile; fileRef = 4703F35A276843440030078E /* CustomTabView.swift */; };
/* End PBXBuildFile section */

/* Begin PBXContainerItemProxy section */
		4703F33627683A500030078E /* PBXContainerItemProxy */ = {
			isa = PBXContainerItemProxy;
			containerPortal = 4703F31D27683A4F0030078E /* Project object */;
			proxyType = 1;
			remoteGlobalIDString = 4703F32427683A4F0030078E;
			remoteInfo = "UI-392";
		};
		4703F34027683A500030078E /* PBXContainerItemProxy */ = {
			isa = PBXContainerItemProxy;
			containerPortal = 4703F31D27683A4F0030078E /* Project object */;
			proxyType = 1;
			remoteGlobalIDString = 4703F32427683A4F0030078E;
			remoteInfo = "UI-392";
		};
/* End PBXContainerItemProxy section */

/* Begin PBXFileReference section */
		4703F32527683A4F0030078E /* UI-392.app */ = {isa = PBXFileReference; explicitFileType = wrapper.application; includeInIndex = 0; path = "UI-392.app"; sourceTree = BUILT_PRODUCTS_DIR; };
		4703F32827683A4F0030078E /* UI_392App.swift */ = {isa = PBXFileReference; lastKnownFileType = sourcecode.swift; path = UI_392App.swift; sourceTree = "<group>"; };
		4703F32A27683A4F0030078E /* ContentView.swift */ = {isa = PBXFileReference; lastKnownFileType = sourcecode.swift; path = ContentView.swift; sourceTree = "<group>"; };
		4703F32C27683A500030078E /* Assets.xcassets */ = {isa = PBXFileReference; lastKnownFileType = folder.assetcatalog; path = Assets.xcassets; sourceTree = "<group>"; };
		4703F32F27683A500030078E /* Preview Assets.xcassets */ = {isa = PBXFileReference; lastKnownFileType = folder.assetcatalog; path = "Preview Assets.xcassets"; sourceTree = "<group>"; };
		4703F33527683A500030078E /* UI-392Tests.xctest */ = {isa = PBXFileReference; explicitFileType = wrapper.cfbundle; includeInIndex = 0; path = "UI-392Tests.xctest"; sourceTree = BUILT_PRODUCTS_DIR; };
		4703F33927683A500030078E /* UI_392Tests.swift */ = {isa = PBXFileReference; lastKnownFileType = sourcecode.swift; path = UI_392Tests.swift; sourceTree = "<group>"; };
		4703F33F27683A500030078E /* UI-392UITests.xctest */ = {isa = PBXFileReference; explicitFileType = wrapper.cfbundle; includeInIndex = 0; path = "UI-392UITests.xctest"; sourceTree = BUILT_PRODUCTS_DIR; };
		4703F34327683A500030078E /* UI_392UITests.swift */ = {isa = PBXFileReference; lastKnownFileType = sourcecode.swift; path = UI_392UITests.swift; sourceTree = "<group>"; };
		4703F34527683A500030078E /* UI_392UITestsLaunchTests.swift */ = {isa = PBXFileReference; lastKnownFileType = sourcecode.swift; path = UI_392UITestsLaunchTests.swift; sourceTree = "<group>"; };
		4703F35327683A700030078E /* MainPage.swift */ = {isa = PBXFileReference; lastKnownFileType = sourcecode.swift; path = MainPage.swift; sourceTree = "<group>"; };
		4703F35527683C2A0030078E /* SideView.swift */ = {isa = PBXFileReference; lastKnownFileType = sourcecode.swift; path = SideView.swift; sourceTree = "<group>"; };
		4703F358276842C00030078E /* Home.swift */ = {isa = PBXFileReference; lastKnownFileType = sourcecode.swift; path = Home.swift; sourceTree = "<group>"; };
		4703F35A276843440030078E /* CustomTabView.swift */ = {isa = PBXFileReference; lastKnownFileType = sourcecode.swift; path = CustomTabView.swift; sourceTree = "<group>"; };
/* End PBXFileReference section */

/* Begin PBXFrameworksBuildPhase section */
		4703F32227683A4F0030078E /* Frameworks */ = {
			isa = PBXFrameworksBuildPhase;
			buildActionMask = 2147483647;
			files = (
			);
			runOnlyForDeploymentPostprocessing = 0;
		};
		4703F33227683A500030078E /* Frameworks */ = {
			isa = PBXFrameworksBuildPhase;
			buildActionMask = 2147483647;
			files = (
			);
			runOnlyForDeploymentPostprocessing = 0;
		};
		4703F33C27683A500030078E /* Frameworks */ = {
			isa = PBXFrameworksBuildPhase;
			buildActionMask = 2147483647;
			files = (
			);
			runOnlyForDeploymentPostprocessing = 0;
		};
/* End PBXFrameworksBuildPhase section */

/* Begin PBXGroup section */
		4703F31C27683A4F0030078E = {
			isa = PBXGroup;
			children = (
				4703F32727683A4F0030078E /* UI-392 */,
				4703F33827683A500030078E /* UI-392Tests */,
				4703F34227683A500030078E /* UI-392UITests */,
				4703F32627683A4F0030078E /* Products */,
			);
			sourceTree = "<group>";
		};
		4703F32627683A4F0030078E /* Products */ = {
			isa = PBXGroup;
			children = (
				4703F32527683A4F0030078E /* UI-392.app */,
				4703F33527683A500030078E /* UI-392Tests.xctest */,
				4703F33F27683A500030078E /* UI-392UITests.xctest */,
			);
			name = Products;
			sourceTree = "<group>";
		};
		4703F32727683A4F0030078E /* UI-392 */ = {
			isa = PBXGroup;
			children = (
				4703F35227683A660030078E /* View */,
				4703F32827683A4F0030078E /* UI_392App.swift */,
				4703F32A27683A4F0030078E /* ContentView.swift */,
				4703F32C27683A500030078E /* Assets.xcassets */,
				4703F32E27683A500030078E /* Preview Content */,
			);
			path = "UI-392";
			sourceTree = "<group>";
		};
		4703F32E27683A500030078E /* Preview Content */ = {
			isa = PBXGroup;
			children = (
				4703F32F27683A500030078E /* Preview Assets.xcassets */,
			);
			path = "Preview Content";
			sourceTree = "<group>";
		};
		4703F33827683A500030078E /* UI-392Tests */ = {
			isa = PBXGroup;
			children = (
				4703F33927683A500030078E /* UI_392Tests.swift */,
			);
			path = "UI-392Tests";
			sourceTree = "<group>";
		};
		4703F34227683A500030078E /* UI-392UITests */ = {
			isa = PBXGroup;
			children = (
				4703F34327683A500030078E /* UI_392UITests.swift */,
				4703F34527683A500030078E /* UI_392UITestsLaunchTests.swift */,
			);
			path = "UI-392UITests";
			sourceTree = "<group>";
		};
		4703F35227683A660030078E /* View */ = {
			isa = PBXGroup;
			children = (
				4703F357276842B70030078E /* Tabs */,
				4703F35327683A700030078E /* MainPage.swift */,
				4703F35527683C2A0030078E /* SideView.swift */,
				4703F35A276843440030078E /* CustomTabView.swift */,
			);
			path = View;
			sourceTree = "<group>";
		};
		4703F357276842B70030078E /* Tabs */ = {
			isa = PBXGroup;
			children = (
				4703F358276842C00030078E /* Home.swift */,
			);
			path = Tabs;
			sourceTree = "<group>";
		};
/* End PBXGroup section */

/* Begin PBXNativeTarget section */
		4703F32427683A4F0030078E /* UI-392 */ = {
			isa = PBXNativeTarget;
			buildConfigurationList = 4703F34927683A500030078E /* Build configuration list for PBXNativeTarget "UI-392" */;
			buildPhases = (
				4703F32127683A4F0030078E /* Sources */,
				4703F32227683A4F0030078E /* Frameworks */,
				4703F32327683A4F0030078E /* Resources */,
			);
			buildRules = (
			);
			dependencies = (
			);
			name = "UI-392";
			productName = "UI-392";
			productReference = 4703F32527683A4F0030078E /* UI-392.app */;
			productType = "com.apple.product-type.application";
		};
		4703F33427683A500030078E /* UI-392Tests */ = {
			isa = PBXNativeTarget;
			buildConfigurationList = 4703F34C27683A500030078E /* Build configuration list for PBXNativeTarget "UI-392Tests" */;
			buildPhases = (
				4703F33127683A500030078E /* Sources */,
				4703F33227683A500030078E /* Frameworks */,
				4703F33327683A500030078E /* Resources */,
			);
			buildRules = (
			);
			dependencies = (
				4703F33727683A500030078E /* PBXTargetDependency */,
			);
			name = "UI-392Tests";
			productName = "UI-392Tests";
			productReference = 4703F33527683A500030078E /* UI-392Tests.xctest */;
			productType = "com.apple.product-type.bundle.unit-test";
		};
		4703F33E27683A500030078E /* UI-392UITests */ = {
			isa = PBXNativeTarget;
			buildConfigurationList = 4703F34F27683A500030078E /* Build configuration list for PBXNativeTarget "UI-392UITests" */;
			buildPhases = (
				4703F33B27683A500030078E /* Sources */,
				4703F33C27683A500030078E /* Frameworks */,
				4703F33D27683A500030078E /* Resources */,
			);
			buildRules = (
			);
			dependencies = (
				4703F34127683A500030078E /* PBXTargetDependency */,
			);
			name = "UI-392UITests";
			productName = "UI-392UITests";
			productReference = 4703F33F27683A500030078E /* UI-392UITests.xctest */;
			productType = "com.apple.product-type.bundle.ui-testing";
		};
/* End PBXNativeTarget section */

/* Begin PBXProject section */
		4703F31D27683A4F0030078E /* Project object */ = {
			isa = PBXProject;
			attributes = {
				BuildIndependentTargetsInParallel = 1;
				LastSwiftUpdateCheck = 1310;
				LastUpgradeCheck = 1310;
				TargetAttributes = {
					4703F32427683A4F0030078E = {
						CreatedOnToolsVersion = 13.1;
					};
					4703F33427683A500030078E = {
						CreatedOnToolsVersion = 13.1;
						TestTargetID = 4703F32427683A4F0030078E;
					};
					4703F33E27683A500030078E = {
						CreatedOnToolsVersion = 13.1;
						TestTargetID = 4703F32427683A4F0030078E;
					};
				};
			};
			buildConfigurationList = 4703F32027683A4F0030078E /* Build configuration list for PBXProject "UI-392" */;
			compatibilityVersion = "Xcode 13.0";
			developmentRegion = en;
			hasScannedForEncodings = 0;
			knownRegions = (
				en,
				Base,
			);
			mainGroup = 4703F31C27683A4F0030078E;
			productRefGroup = 4703F32627683A4F0030078E /* Products */;
			projectDirPath = "";
			projectRoot = "";
			targets = (
				4703F32427683A4F0030078E /* UI-392 */,
				4703F33427683A500030078E /* UI-392Tests */,
				4703F33E27683A500030078E /* UI-392UITests */,
			);
		};
/* End PBXProject section */

/* Begin PBXResourcesBuildPhase section */
		4703F32327683A4F0030078E /* Resources */ = {
			isa = PBXResourcesBuildPhase;
			buildActionMask = 2147483647;
			files = (
				4703F33027683A500030078E /* Preview Assets.xcassets in Resources */,
				4703F32D27683A500030078E /* Assets.xcassets in Resources */,
			);
			runOnlyForDeploymentPostprocessing = 0;
		};
		4703F33327683A500030078E /* Resources */ = {
			isa = PBXResourcesBuildPhase;
			buildActionMask = 2147483647;
			files = (
			);
			runOnlyForDeploymentPostprocessing = 0;
		};
		4703F33D27683A500030078E /* Resources */ = {
			isa = PBXResourcesBuildPhase;
			buildActionMask = 2147483647;
			files = (
			);
			runOnlyForDeploymentPostprocessing = 0;
		};
/* End PBXResourcesBuildPhase section */

/* Begin PBXSourcesBuildPhase section */
		4703F32127683A4F0030078E /* Sources */ = {
			isa = PBXSourcesBuildPhase;
			buildActionMask = 2147483647;
			files = (
				4703F32B27683A4F0030078E /* ContentView.swift in Sources */,
				4703F35627683C2A0030078E /* SideView.swift in Sources */,
				4703F359276842C00030078E /* Home.swift in Sources */,
				4703F35B276843440030078E /* CustomTabView.swift in Sources */,
				4703F32927683A4F0030078E /* UI_392App.swift in Sources */,
				4703F35427683A700030078E /* MainPage.swift in Sources */,
			);
			runOnlyForDeploymentPostprocessing = 0;
		};
		4703F33127683A500030078E /* Sources */ = {
			isa = PBXSourcesBuildPhase;
			buildActionMask = 2147483647;
			files = (
				4703F33A27683A500030078E /* UI_392Tests.swift in Sources */,
			);
			runOnlyForDeploymentPostprocessing = 0;
		};
		4703F33B27683A500030078E /* Sources */ = {
			isa = PBXSourcesBuildPhase;
			buildActionMask = 2147483647;
			files = (
				4703F34427683A500030078E /* UI_392UITests.swift in Sources */,
				4703F34627683A500030078E /* UI_392UITestsLaunchTests.swift in Sources */,
			);
			runOnlyForDeploymentPostprocessing = 0;
		};
/* End PBXSourcesBuildPhase section */

/* Begin PBXTargetDependency section */
		4703F33727683A500030078E /* PBXTargetDependency */ = {
			isa = PBXTargetDependency;
			target = 4703F32427683A4F0030078E /* UI-392 */;
			targetProxy = 4703F33627683A500030078E /* PBXContainerItemProxy */;
		};
		4703F34127683A500030078E /* PBXTargetDependency */ = {
			isa = PBXTargetDependency;
			target = 4703F32427683A4F0030078E /* UI-392 */;
			targetProxy = 4703F34027683A500030078E /* PBXContainerItemProxy */;
		};
/* End PBXTargetDependency section */

/* Begin XCBuildConfiguration section */
		4703F34727683A500030078E /* Debug */ = {
			isa = XCBuildConfiguration;
			buildSettings = {
				ALWAYS_SEARCH_USER_PATHS = NO;
				CLANG_ANALYZER_NONNULL = YES;
				CLANG_ANALYZER_NUMBER_OBJECT_CONVERSION = YES_AGGRESSIVE;
				CLANG_CXX_LANGUAGE_STANDARD = "gnu++17";
				CLANG_CXX_LIBRARY = "libc++";
				CLANG_ENABLE_MODULES = YES;
				CLANG_ENABLE_OBJC_ARC = YES;
				CLANG_ENABLE_OBJC_WEAK = YES;
				CLANG_WARN_BLOCK_CAPTURE_AUTORELEASING = YES;
				CLANG_WARN_BOOL_CONVERSION = YES;
				CLANG_WARN_COMMA = YES;
				CLANG_WARN_CONSTANT_CONVERSION = YES;
				CLANG_WARN_DEPRECATED_OBJC_IMPLEMENTATIONS = YES;
				CLANG_WARN_DIRECT_OBJC_ISA_USAGE = YES_ERROR;
				CLANG_WARN_DOCUMENTATION_COMMENTS = YES;
				CLANG_WARN_EMPTY_BODY = YES;
				CLANG_WARN_ENUM_CONVERSION = YES;
				CLANG_WARN_INFINITE_RECURSION = YES;
				CLANG_WARN_INT_CONVERSION = YES;
				CLANG_WARN_NON_LITERAL_NULL_CONVERSION = YES;
				CLANG_WARN_OBJC_IMPLICIT_RETAIN_SELF = YES;
				CLANG_WARN_OBJC_LITERAL_CONVERSION = YES;
				CLANG_WARN_OBJC_ROOT_CLASS = YES_ERROR;
				CLANG_WARN_QUOTED_INCLUDE_IN_FRAMEWORK_HEADER = YES;
				CLANG_WARN_RANGE_LOOP_ANALYSIS = YES;
				CLANG_WARN_STRICT_PROTOTYPES = YES;
				CLANG_WARN_SUSPICIOUS_MOVE = YES;
				CLANG_WARN_UNGUARDED_AVAILABILITY = YES_AGGRESSIVE;
				CLANG_WARN_UNREACHABLE_CODE = YES;
				CLANG_WARN__DUPLICATE_METHOD_MATCH = YES;
				COPY_PHASE_STRIP = NO;
				DEBUG_INFORMATION_FORMAT = dwarf;
				ENABLE_STRICT_OBJC_MSGSEND = YES;
				ENABLE_TESTABILITY = YES;
				GCC_C_LANGUAGE_STANDARD = gnu11;
				GCC_DYNAMIC_NO_PIC = NO;
				GCC_NO_COMMON_BLOCKS = YES;
				GCC_OPTIMIZATION_LEVEL = 0;
				GCC_PREPROCESSOR_DEFINITIONS = (
					"DEBUG=1",
					"$(inherited)",
				);
				GCC_WARN_64_TO_32_BIT_CONVERSION = YES;
				GCC_WARN_ABOUT_RETURN_TYPE = YES_ERROR;
				GCC_WARN_UNDECLARED_SELECTOR = YES;
				GCC_WARN_UNINITIALIZED_AUTOS = YES_AGGRESSIVE;
				GCC_WARN_UNUSED_FUNCTION = YES;
				GCC_WARN_UNUSED_VARIABLE = YES;
				IPHONEOS_DEPLOYMENT_TARGET = 15.0;
				MTL_ENABLE_DEBUG_INFO = INCLUDE_SOURCE;
				MTL_FAST_MATH = YES;
				ONLY_ACTIVE_ARCH = YES;
				SDKROOT = iphoneos;
				SWIFT_ACTIVE_COMPILATION_CONDITIONS = DEBUG;
				SWIFT_OPTIMIZATION_LEVEL = "-Onone";
			};
			name = Debug;
		};
		4703F34827683A500030078E /* Release */ = {
			isa = XCBuildConfiguration;
			buildSettings = {
				ALWAYS_SEARCH_USER_PATHS = NO;
				CLANG_ANALYZER_NONNULL = YES;
				CLANG_ANALYZER_NUMBER_OBJECT_CONVERSION = YES_AGGRESSIVE;
				CLANG_CXX_LANGUAGE_STANDARD = "gnu++17";
				CLANG_CXX_LIBRARY = "libc++";
				CLANG_ENABLE_MODULES = YES;
				CLANG_ENABLE_OBJC_ARC = YES;
				CLANG_ENABLE_OBJC_WEAK = YES;
				CLANG_WARN_BLOCK_CAPTURE_AUTORELEASING = YES;
				CLANG_WARN_BOOL_CONVERSION = YES;
				CLANG_WARN_COMMA = YES;
				CLANG_WARN_CONSTANT_CONVERSION = YES;
				CLANG_WARN_DEPRECATED_OBJC_IMPLEMENTATIONS = YES;
				CLANG_WARN_DIRECT_OBJC_ISA_USAGE = YES_ERROR;
				CLANG_WARN_DOCUMENTATION_COMMENTS = YES;
				CLANG_WARN_EMPTY_BODY = YES;
				CLANG_WARN_ENUM_CONVERSION = YES;
				CLANG_WARN_INFINITE_RECURSION = YES;
				CLANG_WARN_INT_CONVERSION = YES;
				CLANG_WARN_NON_LITERAL_NULL_CONVERSION = YES;
				CLANG_WARN_OBJC_IMPLICIT_RETAIN_SELF = YES;
				CLANG_WARN_OBJC_LITERAL_CONVERSION = YES;
				CLANG_WARN_OBJC_ROOT_CLASS = YES_ERROR;
				CLANG_WARN_QUOTED_INCLUDE_IN_FRAMEWORK_HEADER = YES;
				CLANG_WARN_RANGE_LOOP_ANALYSIS = YES;
				CLANG_WARN_STRICT_PROTOTYPES = YES;
				CLANG_WARN_SUSPICIOUS_MOVE = YES;
				CLANG_WARN_UNGUARDED_AVAILABILITY = YES_AGGRESSIVE;
				CLANG_WARN_UNREACHABLE_CODE = YES;
				CLANG_WARN__DUPLICATE_METHOD_MATCH = YES;
				COPY_PHASE_STRIP = NO;
				DEBUG_INFORMATION_FORMAT = "dwarf-with-dsym";
				ENABLE_NS_ASSERTIONS = NO;
				ENABLE_STRICT_OBJC_MSGSEND = YES;
				GCC_C_LANGUAGE_STANDARD = gnu11;
				GCC_NO_COMMON_BLOCKS = YES;
				GCC_WARN_64_TO_32_BIT_CONVERSION = YES;
				GCC_WARN_ABOUT_RETURN_TYPE = YES_ERROR;
				GCC_WARN_UNDECLARED_SELECTOR = YES;
				GCC_WARN_UNINITIALIZED_AUTOS = YES_AGGRESSIVE;
				GCC_WARN_UNUSED_FUNCTION = YES;
				GCC_WARN_UNUSED_VARIABLE = YES;
				IPHONEOS_DEPLOYMENT_TARGET = 15.0;
				MTL_ENABLE_DEBUG_INFO = NO;
				MTL_FAST_MATH = YES;
				SDKROOT = iphoneos;
				SWIFT_COMPILATION_MODE = wholemodule;
				SWIFT_OPTIMIZATION_LEVEL = "-O";
				VALIDATE_PRODUCT = YES;
			};
			name = Release;
		};
		4703F34A27683A500030078E /* Debug */ = {
			isa = XCBuildConfiguration;
			buildSettings = {
				ASSETCATALOG_COMPILER_APPICON_NAME = AppIcon;
				ASSETCATALOG_COMPILER_GLOBAL_ACCENT_COLOR_NAME = AccentColor;
				CODE_SIGN_STYLE = Automatic;
				CURRENT_PROJECT_VERSION = 1;
				DEVELOPMENT_ASSET_PATHS = "\"UI-392/Preview Content\"";
				DEVELOPMENT_TEAM = 8CL4U468K5;
				ENABLE_PREVIEWS = YES;
				GENERATE_INFOPLIST_FILE = YES;
				INFOPLIST_KEY_UIApplicationSceneManifest_Generation = YES;
				INFOPLIST_KEY_UIApplicationSupportsIndirectInputEvents = YES;
				INFOPLIST_KEY_UILaunchScreen_Generation = YES;
				INFOPLIST_KEY_UISupportedInterfaceOrientations_iPad = "UIInterfaceOrientationPortrait UIInterfaceOrientationPortraitUpsideDown UIInterfaceOrientationLandscapeLeft UIInterfaceOrientationLandscapeRight";
				INFOPLIST_KEY_UISupportedInterfaceOrientations_iPhone = "UIInterfaceOrientationPortrait UIInterfaceOrientationLandscapeLeft UIInterfaceOrientationLandscapeRight";
				LD_RUNPATH_SEARCH_PATHS = (
					"$(inherited)",
					"@executable_path/Frameworks",
				);
				MARKETING_VERSION = 1.0;
				PRODUCT_BUNDLE_IDENTIFIER = "com.585.UI-392";
				PRODUCT_NAME = "$(TARGET_NAME)";
				SWIFT_EMIT_LOC_STRINGS = YES;
				SWIFT_VERSION = 5.0;
				TARGETED_DEVICE_FAMILY = "1,2";
			};
			name = Debug;
		};
		4703F34B27683A500030078E /* Release */ = {
			isa = XCBuildConfiguration;
			buildSettings = {
				ASSETCATALOG_COMPILER_APPICON_NAME = AppIcon;
				ASSETCATALOG_COMPILER_GLOBAL_ACCENT_COLOR_NAME = AccentColor;
				CODE_SIGN_STYLE = Automatic;
				CURRENT_PROJECT_VERSION = 1;
				DEVELOPMENT_ASSET_PATHS = "\"UI-392/Preview Content\"";
				DEVELOPMENT_TEAM = 8CL4U468K5;
				ENABLE_PREVIEWS = YES;
				GENERATE_INFOPLIST_FILE = YES;
				INFOPLIST_KEY_UIApplicationSceneManifest_Generation = YES;
				INFOPLIST_KEY_UIApplicationSupportsIndirectInputEvents = YES;
				INFOPLIST_KEY_UILaunchScreen_Generation = YES;
				INFOPLIST_KEY_UISupportedInterfaceOrientations_iPad = "UIInterfaceOrientationPortrait UIInterfaceOrientationPortraitUpsideDown UIInterfaceOrientationLandscapeLeft UIInterfaceOrientationLandscapeRight";
				INFOPLIST_KEY_UISupportedInterfaceOrientations_iPhone = "UIInterfaceOrientationPortrait UIInterfaceOrientationLandscapeLeft UIInterfaceOrientationLandscapeRight";
				LD_RUNPATH_SEARCH_PATHS = (
					"$(inherited)",
					"@executable_path/Frameworks",
				);
				MARKETING_VERSION = 1.0;
				PRODUCT_BUNDLE_IDENTIFIER = "com.585.UI-392";
				PRODUCT_NAME = "$(TARGET_NAME)";
				SWIFT_EMIT_LOC_STRINGS = YES;
				SWIFT_VERSION = 5.0;
				TARGETED_DEVICE_FAMILY = "1,2";
			};
			name = Release;
		};
		4703F34D27683A500030078E /* Debug */ = {
			isa = XCBuildConfiguration;
			buildSettings = {
				ALWAYS_EMBED_SWIFT_STANDARD_LIBRARIES = YES;
				BUNDLE_LOADER = "$(TEST_HOST)";
				CODE_SIGN_STYLE = Automatic;
				CURRENT_PROJECT_VERSION = 1;
				DEVELOPMENT_TEAM = 8CL4U468K5;
				GENERATE_INFOPLIST_FILE = YES;
				IPHONEOS_DEPLOYMENT_TARGET = 15.0;
				LD_RUNPATH_SEARCH_PATHS = (
					"$(inherited)",
					"@executable_path/Frameworks",
					"@loader_path/Frameworks",
				);
				MARKETING_VERSION = 1.0;
				PRODUCT_BUNDLE_IDENTIFIER = "com.585.UI-392Tests";
				PRODUCT_NAME = "$(TARGET_NAME)";
				SWIFT_EMIT_LOC_STRINGS = NO;
				SWIFT_VERSION = 5.0;
				TARGETED_DEVICE_FAMILY = "1,2";
				TEST_HOST = "$(BUILT_PRODUCTS_DIR)/UI-392.app/UI-392";
			};
			name = Debug;
		};
		4703F34E27683A500030078E /* Release */ = {
			isa = XCBuildConfiguration;
			buildSettings = {
				ALWAYS_EMBED_SWIFT_STANDARD_LIBRARIES = YES;
				BUNDLE_LOADER = "$(TEST_HOST)";
				CODE_SIGN_STYLE = Automatic;
				CURRENT_PROJECT_VERSION = 1;
				DEVELOPMENT_TEAM = 8CL4U468K5;
				GENERATE_INFOPLIST_FILE = YES;
				IPHONEOS_DEPLOYMENT_TARGET = 15.0;
				LD_RUNPATH_SEARCH_PATHS = (
					"$(inherited)",
					"@executable_path/Frameworks",
					"@loader_path/Frameworks",
				);
				MARKETING_VERSION = 1.0;
				PRODUCT_BUNDLE_IDENTIFIER = "com.585.UI-392Tests";
				PRODUCT_NAME = "$(TARGET_NAME)";
				SWIFT_EMIT_LOC_STRINGS = NO;
				SWIFT_VERSION = 5.0;
				TARGETED_DEVICE_FAMILY = "1,2";
				TEST_HOST = "$(BUILT_PRODUCTS_DIR)/UI-392.app/UI-392";
			};
			name = Release;
		};
		4703F35027683A500030078E /* Debug */ = {
			isa = XCBuildConfiguration;
			buildSettings = {
				ALWAYS_EMBED_SWIFT_STANDARD_LIBRARIES = YES;
				CODE_SIGN_STYLE = Automatic;
				CURRENT_PROJECT_VERSION = 1;
				DEVELOPMENT_TEAM = 8CL4U468K5;
				GENERATE_INFOPLIST_FILE = YES;
				LD_RUNPATH_SEARCH_PATHS = (
					"$(inherited)",
					"@executable_path/Frameworks",
					"@loader_path/Frameworks",
				);
				MARKETING_VERSION = 1.0;
				PRODUCT_BUNDLE_IDENTIFIER = "com.585.UI-392UITests";
				PRODUCT_NAME = "$(TARGET_NAME)";
				SWIFT_EMIT_LOC_STRINGS = NO;
				SWIFT_VERSION = 5.0;
				TARGETED_DEVICE_FAMILY = "1,2";
				TEST_TARGET_NAME = "UI-392";
			};
			name = Debug;
		};
		4703F35127683A500030078E /* Release */ = {
			isa = XCBuildConfiguration;
			buildSettings = {
				ALWAYS_EMBED_SWIFT_STANDARD_LIBRARIES = YES;
				CODE_SIGN_STYLE = Automatic;
				CURRENT_PROJECT_VERSION = 1;
				DEVELOPMENT_TEAM = 8CL4U468K5;
				GENERATE_INFOPLIST_FILE = YES;
				LD_RUNPATH_SEARCH_PATHS = (
					"$(inherited)",
					"@executable_path/Frameworks",
					"@loader_path/Frameworks",
				);
				MARKETING_VERSION = 1.0;
				PRODUCT_BUNDLE_IDENTIFIER = "com.585.UI-392UITests";
				PRODUCT_NAME = "$(TARGET_NAME)";
				SWIFT_EMIT_LOC_STRINGS = NO;
				SWIFT_VERSION = 5.0;
				TARGETED_DEVICE_FAMILY = "1,2";
				TEST_TARGET_NAME = "UI-392";
			};
			name = Release;
		};
/* End XCBuildConfiguration section */

/* Begin XCConfigurationList section */
		4703F32027683A4F0030078E /* Build configuration list for PBXProject "UI-392" */ = {
			isa = XCConfigurationList;
			buildConfigurations = (
				4703F34727683A500030078E /* Debug */,
				4703F34827683A500030078E /* Release */,
			);
			defaultConfigurationIsVisible = 0;
			defaultConfigurationName = Release;
		};
		4703F34927683A500030078E /* Build configuration list for PBXNativeTarget "UI-392" */ = {
			isa = XCConfigurationList;
			buildConfigurations = (
				4703F34A27683A500030078E /* Debug */,
				4703F34B27683A500030078E /* Release */,
			);
			defaultConfigurationIsVisible = 0;
			defaultConfigurationName = Release;
		};
		4703F34C27683A500030078E /* Build configuration list for PBXNativeTarget "UI-392Tests" */ = {
			isa = XCConfigurationList;
			buildConfigurations = (
				4703F34D27683A500030078E /* Debug */,
				4703F34E27683A500030078E /* Release */,
			);
			defaultConfigurationIsVisible = 0;
			defaultConfigurationName = Release;
		};
		4703F34F27683A500030078E /* Build configuration list for PBXNativeTarget "UI-392UITests" */ = {
			isa = XCConfigurationList;
			buildConfigurations = (
				4703F35027683A500030078E /* Debug */,
				4703F35127683A500030078E /* Release */,
			);
			defaultConfigurationIsVisible = 0;
			defaultConfigurationName = Release;
		};
/* End XCConfigurationList section */
	};
	rootObject = 4703F31D27683A4F0030078E /* Project object */;
}
